// !$*UTF8*$!
{
	archiveVersion = 1;
	classes = {
	};
	objectVersion = 50;
	objects = {

/* Begin PBXBuildFile section */
		CD8E89B0261AF32400F84F28 /* MarkdownEditorApp.swift in Sources */ = {isa = PBXBuildFile; fileRef = CD8E89AF261AF32400F84F28 /* MarkdownEditorApp.swift */; };
		CD8E89B2261AF32400F84F28 /* ContentView.swift in Sources */ = {isa = PBXBuildFile; fileRef = CD8E89B1261AF32400F84F28 /* ContentView.swift */; };
		CD8E89B4261AF32600F84F28 /* Assets.xcassets in Resources */ = {isa = PBXBuildFile; fileRef = CD8E89B3261AF32600F84F28 /* Assets.xcassets */; };
		CD8E89B7261AF32600F84F28 /* Preview Assets.xcassets in Resources */ = {isa = PBXBuildFile; fileRef = CD8E89B6261AF32600F84F28 /* Preview Assets.xcassets */; };
		CD8E89C1261AF33D00F84F28 /* MarkdownEditor.swift in Sources */ = {isa = PBXBuildFile; fileRef = CD8E89C0261AF33D00F84F28 /* MarkdownEditor.swift */; };
		CD8E89C4261AFD5800F84F28 /* Line.swift in Sources */ = {isa = PBXBuildFile; fileRef = CD8E89C3261AFD5800F84F28 /* Line.swift */; };
		CD8E89C7261AFD6800F84F28 /* Scanner.swift in Sources */ = {isa = PBXBuildFile; fileRef = CD8E89C6261AFD6800F84F28 /* Scanner.swift */; };
		CD8E89CA261AFD7A00F84F28 /* Block.swift in Sources */ = {isa = PBXBuildFile; fileRef = CD8E89C9261AFD7A00F84F28 /* Block.swift */; };
		CD8E8A4C261EE2C100F84F28 /* DebugView.swift in Sources */ = {isa = PBXBuildFile; fileRef = CD8E8A4B261EE2C100F84F28 /* DebugView.swift */; };
		CD8E8A5B261F12E500F84F28 /* HTMLView.swift in Sources */ = {isa = PBXBuildFile; fileRef = CD8E8A5A261F12E400F84F28 /* HTMLView.swift */; };
		CD8E8A67261F284100F84F28 /* WebView.swift in Sources */ = {isa = PBXBuildFile; fileRef = CD8E8A66261F284100F84F28 /* WebView.swift */; };
		CD9F27E7262021EC00323601 /* README.md in Resources */ = {isa = PBXBuildFile; fileRef = CD9F27E6262021EC00323601 /* README.md */; };
/* End PBXBuildFile section */

/* Begin PBXFileReference section */
		CD8E89AC261AF32400F84F28 /* MarkdownEditor.app */ = {isa = PBXFileReference; explicitFileType = wrapper.application; includeInIndex = 0; path = MarkdownEditor.app; sourceTree = BUILT_PRODUCTS_DIR; };
		CD8E89AF261AF32400F84F28 /* MarkdownEditorApp.swift */ = {isa = PBXFileReference; lastKnownFileType = sourcecode.swift; path = MarkdownEditorApp.swift; sourceTree = "<group>"; };
		CD8E89B1261AF32400F84F28 /* ContentView.swift */ = {isa = PBXFileReference; lastKnownFileType = sourcecode.swift; path = ContentView.swift; sourceTree = "<group>"; };
		CD8E89B3261AF32600F84F28 /* Assets.xcassets */ = {isa = PBXFileReference; lastKnownFileType = folder.assetcatalog; path = Assets.xcassets; sourceTree = "<group>"; };
		CD8E89B6261AF32600F84F28 /* Preview Assets.xcassets */ = {isa = PBXFileReference; lastKnownFileType = folder.assetcatalog; path = "Preview Assets.xcassets"; sourceTree = "<group>"; };
		CD8E89B8261AF32600F84F28 /* Info.plist */ = {isa = PBXFileReference; lastKnownFileType = text.plist.xml; path = Info.plist; sourceTree = "<group>"; };
		CD8E89B9261AF32600F84F28 /* MarkdownEditor.entitlements */ = {isa = PBXFileReference; lastKnownFileType = text.plist.entitlements; path = MarkdownEditor.entitlements; sourceTree = "<group>"; };
		CD8E89C0261AF33D00F84F28 /* MarkdownEditor.swift */ = {isa = PBXFileReference; lastKnownFileType = sourcecode.swift; path = MarkdownEditor.swift; sourceTree = "<group>"; };
		CD8E89C3261AFD5800F84F28 /* Line.swift */ = {isa = PBXFileReference; lastKnownFileType = sourcecode.swift; path = Line.swift; sourceTree = "<group>"; };
		CD8E89C6261AFD6800F84F28 /* Scanner.swift */ = {isa = PBXFileReference; lastKnownFileType = sourcecode.swift; path = Scanner.swift; sourceTree = "<group>"; };
		CD8E89C9261AFD7A00F84F28 /* Block.swift */ = {isa = PBXFileReference; lastKnownFileType = sourcecode.swift; path = Block.swift; sourceTree = "<group>"; };
		CD8E8A4B261EE2C100F84F28 /* DebugView.swift */ = {isa = PBXFileReference; lastKnownFileType = sourcecode.swift; path = DebugView.swift; sourceTree = "<group>"; };
		CD8E8A5A261F12E400F84F28 /* HTMLView.swift */ = {isa = PBXFileReference; lastKnownFileType = sourcecode.swift; path = HTMLView.swift; sourceTree = "<group>"; };
		CD8E8A66261F284100F84F28 /* WebView.swift */ = {isa = PBXFileReference; lastKnownFileType = sourcecode.swift; path = WebView.swift; sourceTree = "<group>"; };
		CD9F27E6262021EC00323601 /* README.md */ = {isa = PBXFileReference; fileEncoding = 4; lastKnownFileType = net.daringfireball.markdown; path = README.md; sourceTree = "<group>"; };
/* End PBXFileReference section */

/* Begin PBXFrameworksBuildPhase section */
		CD8E89A9261AF32400F84F28 /* Frameworks */ = {
			isa = PBXFrameworksBuildPhase;
			buildActionMask = 2147483647;
			files = (
			);
			runOnlyForDeploymentPostprocessing = 0;
		};
/* End PBXFrameworksBuildPhase section */

/* Begin PBXGroup section */
		CD8E89A3261AF32400F84F28 = {
			isa = PBXGroup;
			children = (
				CD9F27E6262021EC00323601 /* README.md */,
				CD8E89AE261AF32400F84F28 /* MarkdownEditor */,
				CD8E89AD261AF32400F84F28 /* Products */,
			);
			sourceTree = "<group>";
		};
		CD8E89AD261AF32400F84F28 /* Products */ = {
			isa = PBXGroup;
			children = (
				CD8E89AC261AF32400F84F28 /* MarkdownEditor.app */,
			);
			name = Products;
			sourceTree = "<group>";
		};
		CD8E89AE261AF32400F84F28 /* MarkdownEditor */ = {
			isa = PBXGroup;
			children = (
				CD8E89AF261AF32400F84F28 /* MarkdownEditorApp.swift */,
				CD8E89B1261AF32400F84F28 /* ContentView.swift */,
				CD8E8A5A261F12E400F84F28 /* HTMLView.swift */,
				CD8E8A66261F284100F84F28 /* WebView.swift */,
				CD8E8A4B261EE2C100F84F28 /* DebugView.swift */,
				CD8E89C0261AF33D00F84F28 /* MarkdownEditor.swift */,
				CD8E89C3261AFD5800F84F28 /* Line.swift */,
				CD8E89C6261AFD6800F84F28 /* Scanner.swift */,
				CD8E89C9261AFD7A00F84F28 /* Block.swift */,
				CD8E89B3261AF32600F84F28 /* Assets.xcassets */,
				CD8E89B8261AF32600F84F28 /* Info.plist */,
				CD8E89B9261AF32600F84F28 /* MarkdownEditor.entitlements */,
				CD8E89B5261AF32600F84F28 /* Preview Content */,
			);
			path = MarkdownEditor;
			sourceTree = "<group>";
		};
		CD8E89B5261AF32600F84F28 /* Preview Content */ = {
			isa = PBXGroup;
			children = (
				CD8E89B6261AF32600F84F28 /* Preview Assets.xcassets */,
			);
			path = "Preview Content";
			sourceTree = "<group>";
		};
/* End PBXGroup section */

/* Begin PBXNativeTarget section */
		CD8E89AB261AF32400F84F28 /* MarkdownEditor */ = {
			isa = PBXNativeTarget;
			buildConfigurationList = CD8E89BC261AF32600F84F28 /* Build configuration list for PBXNativeTarget "MarkdownEditor" */;
			buildPhases = (
				CD8E89A8261AF32400F84F28 /* Sources */,
				CD8E89A9261AF32400F84F28 /* Frameworks */,
				CD8E89AA261AF32400F84F28 /* Resources */,
			);
			buildRules = (
			);
			dependencies = (
			);
			name = MarkdownEditor;
			productName = MarkdownEditor;
			productReference = CD8E89AC261AF32400F84F28 /* MarkdownEditor.app */;
			productType = "com.apple.product-type.application";
		};
/* End PBXNativeTarget section */

/* Begin PBXProject section */
		CD8E89A4261AF32400F84F28 /* Project object */ = {
			isa = PBXProject;
			attributes = {
				LastSwiftUpdateCheck = 1240;
				LastUpgradeCheck = 1240;
				TargetAttributes = {
					CD8E89AB261AF32400F84F28 = {
						CreatedOnToolsVersion = 12.4;
					};
				};
			};
			buildConfigurationList = CD8E89A7261AF32400F84F28 /* Build configuration list for PBXProject "MarkdownEditor" */;
			compatibilityVersion = "Xcode 9.3";
			developmentRegion = en;
			hasScannedForEncodings = 0;
			knownRegions = (
				en,
				Base,
			);
			mainGroup = CD8E89A3261AF32400F84F28;
			productRefGroup = CD8E89AD261AF32400F84F28 /* Products */;
			projectDirPath = "";
			projectRoot = "";
			targets = (
				CD8E89AB261AF32400F84F28 /* MarkdownEditor */,
			);
		};
/* End PBXProject section */

/* Begin PBXResourcesBuildPhase section */
		CD8E89AA261AF32400F84F28 /* Resources */ = {
			isa = PBXResourcesBuildPhase;
			buildActionMask = 2147483647;
			files = (
				CD9F27E7262021EC00323601 /* README.md in Resources */,
				CD8E89B7261AF32600F84F28 /* Preview Assets.xcassets in Resources */,
				CD8E89B4261AF32600F84F28 /* Assets.xcassets in Resources */,
			);
			runOnlyForDeploymentPostprocessing = 0;
		};
/* End PBXResourcesBuildPhase section */

/* Begin PBXSourcesBuildPhase section */
		CD8E89A8261AF32400F84F28 /* Sources */ = {
			isa = PBXSourcesBuildPhase;
			buildActionMask = 2147483647;
			files = (
				CD8E89B2261AF32400F84F28 /* ContentView.swift in Sources */,
				CD8E8A5B261F12E500F84F28 /* HTMLView.swift in Sources */,
				CD8E89C4261AFD5800F84F28 /* Line.swift in Sources */,
				CD8E89C1261AF33D00F84F28 /* MarkdownEditor.swift in Sources */,
				CD8E8A4C261EE2C100F84F28 /* DebugView.swift in Sources */,
				CD8E89CA261AFD7A00F84F28 /* Block.swift in Sources */,
				CD8E8A67261F284100F84F28 /* WebView.swift in Sources */,
				CD8E89C7261AFD6800F84F28 /* Scanner.swift in Sources */,
				CD8E89B0261AF32400F84F28 /* MarkdownEditorApp.swift in Sources */,
			);
			runOnlyForDeploymentPostprocessing = 0;
		};
/* End PBXSourcesBuildPhase section */

/* Begin XCBuildConfiguration section */
		CD8E89BA261AF32600F84F28 /* Debug */ = {
			isa = XCBuildConfiguration;
			buildSettings = {
				ALWAYS_SEARCH_USER_PATHS = NO;
				CLANG_ANALYZER_NONNULL = YES;
				CLANG_ANALYZER_NUMBER_OBJECT_CONVERSION = YES_AGGRESSIVE;
				CLANG_CXX_LANGUAGE_STANDARD = "gnu++14";
				CLANG_CXX_LIBRARY = "libc++";
				CLANG_ENABLE_MODULES = YES;
				CLANG_ENABLE_OBJC_ARC = YES;
				CLANG_ENABLE_OBJC_WEAK = YES;
				CLANG_WARN_BLOCK_CAPTURE_AUTORELEASING = YES;
				CLANG_WARN_BOOL_CONVERSION = YES;
				CLANG_WARN_COMMA = YES;
				CLANG_WARN_CONSTANT_CONVERSION = YES;
				CLANG_WARN_DEPRECATED_OBJC_IMPLEMENTATIONS = YES;
				CLANG_WARN_DIRECT_OBJC_ISA_USAGE = YES_ERROR;
				CLANG_WARN_DOCUMENTATION_COMMENTS = YES;
				CLANG_WARN_EMPTY_BODY = YES;
				CLANG_WARN_ENUM_CONVERSION = YES;
				CLANG_WARN_INFINITE_RECURSION = YES;
				CLANG_WARN_INT_CONVERSION = YES;
				CLANG_WARN_NON_LITERAL_NULL_CONVERSION = YES;
				CLANG_WARN_OBJC_IMPLICIT_RETAIN_SELF = YES;
				CLANG_WARN_OBJC_LITERAL_CONVERSION = YES;
				CLANG_WARN_OBJC_ROOT_CLASS = YES_ERROR;
				CLANG_WARN_QUOTED_INCLUDE_IN_FRAMEWORK_HEADER = YES;
				CLANG_WARN_RANGE_LOOP_ANALYSIS = YES;
				CLANG_WARN_STRICT_PROTOTYPES = YES;
				CLANG_WARN_SUSPICIOUS_MOVE = YES;
				CLANG_WARN_UNGUARDED_AVAILABILITY = YES_AGGRESSIVE;
				CLANG_WARN_UNREACHABLE_CODE = YES;
				CLANG_WARN__DUPLICATE_METHOD_MATCH = YES;
				COPY_PHASE_STRIP = NO;
				DEBUG_INFORMATION_FORMAT = dwarf;
				ENABLE_STRICT_OBJC_MSGSEND = YES;
				ENABLE_TESTABILITY = YES;
				GCC_C_LANGUAGE_STANDARD = gnu11;
				GCC_DYNAMIC_NO_PIC = NO;
				GCC_NO_COMMON_BLOCKS = YES;
				GCC_OPTIMIZATION_LEVEL = 0;
				GCC_PREPROCESSOR_DEFINITIONS = (
					"DEBUG=1",
					"$(inherited)",
				);
				GCC_WARN_64_TO_32_BIT_CONVERSION = YES;
				GCC_WARN_ABOUT_RETURN_TYPE = YES_ERROR;
				GCC_WARN_UNDECLARED_SELECTOR = YES;
				GCC_WARN_UNINITIALIZED_AUTOS = YES_AGGRESSIVE;
				GCC_WARN_UNUSED_FUNCTION = YES;
				GCC_WARN_UNUSED_VARIABLE = YES;
				MACOSX_DEPLOYMENT_TARGET = 11.1;
				MTL_ENABLE_DEBUG_INFO = INCLUDE_SOURCE;
				MTL_FAST_MATH = YES;
				ONLY_ACTIVE_ARCH = YES;
				SDKROOT = macosx;
				SWIFT_ACTIVE_COMPILATION_CONDITIONS = DEBUG;
				SWIFT_OPTIMIZATION_LEVEL = "-Onone";
			};
			name = Debug;
		};
		CD8E89BB261AF32600F84F28 /* Release */ = {
			isa = XCBuildConfiguration;
			buildSettings = {
				ALWAYS_SEARCH_USER_PATHS = NO;
				CLANG_ANALYZER_NONNULL = YES;
				CLANG_ANALYZER_NUMBER_OBJECT_CONVERSION = YES_AGGRESSIVE;
				CLANG_CXX_LANGUAGE_STANDARD = "gnu++14";
				CLANG_CXX_LIBRARY = "libc++";
				CLANG_ENABLE_MODULES = YES;
				CLANG_ENABLE_OBJC_ARC = YES;
				CLANG_ENABLE_OBJC_WEAK = YES;
				CLANG_WARN_BLOCK_CAPTURE_AUTORELEASING = YES;
				CLANG_WARN_BOOL_CONVERSION = YES;
				CLANG_WARN_COMMA = YES;
				CLANG_WARN_CONSTANT_CONVERSION = YES;
				CLANG_WARN_DEPRECATED_OBJC_IMPLEMENTATIONS = YES;
				CLANG_WARN_DIRECT_OBJC_ISA_USAGE = YES_ERROR;
				CLANG_WARN_DOCUMENTATION_COMMENTS = YES;
				CLANG_WARN_EMPTY_BODY = YES;
				CLANG_WARN_ENUM_CONVERSION = YES;
				CLANG_WARN_INFINITE_RECURSION = YES;
				CLANG_WARN_INT_CONVERSION = YES;
				CLANG_WARN_NON_LITERAL_NULL_CONVERSION = YES;
				CLANG_WARN_OBJC_IMPLICIT_RETAIN_SELF = YES;
				CLANG_WARN_OBJC_LITERAL_CONVERSION = YES;
				CLANG_WARN_OBJC_ROOT_CLASS = YES_ERROR;
				CLANG_WARN_QUOTED_INCLUDE_IN_FRAMEWORK_HEADER = YES;
				CLANG_WARN_RANGE_LOOP_ANALYSIS = YES;
				CLANG_WARN_STRICT_PROTOTYPES = YES;
				CLANG_WARN_SUSPICIOUS_MOVE = YES;
				CLANG_WARN_UNGUARDED_AVAILABILITY = YES_AGGRESSIVE;
				CLANG_WARN_UNREACHABLE_CODE = YES;
				CLANG_WARN__DUPLICATE_METHOD_MATCH = YES;
				COPY_PHASE_STRIP = NO;
				DEBUG_INFORMATION_FORMAT = "dwarf-with-dsym";
				ENABLE_NS_ASSERTIONS = NO;
				ENABLE_STRICT_OBJC_MSGSEND = YES;
				GCC_C_LANGUAGE_STANDARD = gnu11;
				GCC_NO_COMMON_BLOCKS = YES;
				GCC_WARN_64_TO_32_BIT_CONVERSION = YES;
				GCC_WARN_ABOUT_RETURN_TYPE = YES_ERROR;
				GCC_WARN_UNDECLARED_SELECTOR = YES;
				GCC_WARN_UNINITIALIZED_AUTOS = YES_AGGRESSIVE;
				GCC_WARN_UNUSED_FUNCTION = YES;
				GCC_WARN_UNUSED_VARIABLE = YES;
				MACOSX_DEPLOYMENT_TARGET = 11.1;
				MTL_ENABLE_DEBUG_INFO = NO;
				MTL_FAST_MATH = YES;
				SDKROOT = macosx;
				SWIFT_COMPILATION_MODE = wholemodule;
				SWIFT_OPTIMIZATION_LEVEL = "-O";
			};
			name = Release;
		};
		CD8E89BD261AF32600F84F28 /* Debug */ = {
			isa = XCBuildConfiguration;
			buildSettings = {
				ASSETCATALOG_COMPILER_APPICON_NAME = AppIcon;
				ASSETCATALOG_COMPILER_GLOBAL_ACCENT_COLOR_NAME = AccentColor;
				CODE_SIGN_ENTITLEMENTS = MarkdownEditor/MarkdownEditor.entitlements;
				CODE_SIGN_STYLE = Automatic;
				COMBINE_HIDPI_IMAGES = YES;
				DEVELOPMENT_ASSET_PATHS = "\"MarkdownEditor/Preview Content\"";
				DEVELOPMENT_TEAM = NN3NKG2LXT;
				ENABLE_HARDENED_RUNTIME = YES;
				ENABLE_PREVIEWS = YES;
				INFOPLIST_FILE = MarkdownEditor/Info.plist;
				LD_RUNPATH_SEARCH_PATHS = (
					"$(inherited)",
					"@executable_path/../Frameworks",
				);
				MACOSX_DEPLOYMENT_TARGET = 11.0;
				PRODUCT_BUNDLE_IDENTIFIER = com.ansapa.MarkdownEditor;
				PRODUCT_NAME = "$(TARGET_NAME)";
				SWIFT_VERSION = 5.0;
			};
			name = Debug;
		};
		CD8E89BE261AF32600F84F28 /* Release */ = {
			isa = XCBuildConfiguration;
			buildSettings = {
				ASSETCATALOG_COMPILER_APPICON_NAME = AppIcon;
				ASSETCATALOG_COMPILER_GLOBAL_ACCENT_COLOR_NAME = AccentColor;
				CODE_SIGN_ENTITLEMENTS = MarkdownEditor/MarkdownEditor.entitlements;
				CODE_SIGN_STYLE = Automatic;
				COMBINE_HIDPI_IMAGES = YES;
				DEVELOPMENT_ASSET_PATHS = "\"MarkdownEditor/Preview Content\"";
				DEVELOPMENT_TEAM = NN3NKG2LXT;
				ENABLE_HARDENED_RUNTIME = YES;
				ENABLE_PREVIEWS = YES;
				INFOPLIST_FILE = MarkdownEditor/Info.plist;
				LD_RUNPATH_SEARCH_PATHS = (
					"$(inherited)",
					"@executable_path/../Frameworks",
				);
				MACOSX_DEPLOYMENT_TARGET = 11.0;
				PRODUCT_BUNDLE_IDENTIFIER = com.ansapa.MarkdownEditor;
				PRODUCT_NAME = "$(TARGET_NAME)";
				SWIFT_VERSION = 5.0;
			};
			name = Release;
		};
/* End XCBuildConfiguration section */

/* Begin XCConfigurationList section */
		CD8E89A7261AF32400F84F28 /* Build configuration list for PBXProject "MarkdownEditor" */ = {
			isa = XCConfigurationList;
			buildConfigurations = (
				CD8E89BA261AF32600F84F28 /* Debug */,
				CD8E89BB261AF32600F84F28 /* Release */,
			);
			defaultConfigurationIsVisible = 0;
			defaultConfigurationName = Release;
		};
		CD8E89BC261AF32600F84F28 /* Build configuration list for PBXNativeTarget "MarkdownEditor" */ = {
			isa = XCConfigurationList;
			buildConfigurations = (
				CD8E89BD261AF32600F84F28 /* Debug */,
				CD8E89BE261AF32600F84F28 /* Release */,
			);
			defaultConfigurationIsVisible = 0;
			defaultConfigurationName = Release;
		};
/* End XCConfigurationList section */
	};
	rootObject = CD8E89A4261AF32400F84F28 /* Project object */;
}
